{
  "name": "backend",
  "lockfileVersion": 3,
  "requires": true,
  "packages": {
    "": {
      "devDependencies": {
        "firebase-functions-test": "^3.4.1"
      }
    },
    "node_modules/@types/lodash": {
      "version": "4.17.24",
      "resolved": "https://registry.npmjs.org/@types/lodash/-/lodash-4.17.24.tgz",
      "integrity": "sha512-gIW7lQLZbue7lRSWEFql49QJJWThrTFFeIMJdp3eH4tKoxm1OvEPg02rm4wCCSHS0cL3/Fizimb35b7k8atwsQ==",
      "dev": true,
      "license": "MIT"
    },
    "node_modules/firebase-functions-test": {
      "version": "3.4.1",
      "resolved": "https://registry.npmjs.org/firebase-functions-test/-/firebase-functions-test-3.4.1.tgz",
      "integrity": "sha512-qAq0oszrBGdf4bnCF6t4FoSgMsepeIXh0Pi/FhikSE6e+TvKKGpfrfUP/5pFjJZxFcLsweoau88KydCql4xSeg==",
      "dev": true,
      "license": "MIT",
      "dependencies": {
        "@types/lodash": "^4.14.104",
        "lodash": "^4.17.5",
        "ts-deepmerge": "^2.0.1"
      },
      "engines": {
        "node": ">=14.0.0"
      },
      "peerDependencies": {
        "firebase-admin": "^8.0.0 || ^9.0.0 || ^10.0.0 || ^11.0.0 || ^12.0.0 || ^13.0.0",
        "firebase-functions": ">=4.9.0",
        "jest": ">=28.0.0"
      }
    },
    "node_modules/lodash": {
      "version": "4.17.23",
      "resolved": "https://registry.npmjs.org/lodash/-/lodash-4.17.23.tgz",
      "integrity": "sha512-LgVTMpQtIopCi79SJeDiP0TfWi5CNEc/L/aRdTh3yIvmZXTnheWpKjSZhnvMl8iXbC1tFg9gdHHDMLoV7CnG+w==",
      "dev": true,
      "license": "MIT"
    },
    "node_modules/ts-deepmerge": {
      "version": "2.0.7",
      "resolved": "https://registry.npmjs.org/ts-deepmerge/-/ts-deepmerge-2.0.7.tgz",
      "integrity": "sha512-3phiGcxPSSR47RBubQxPoZ+pqXsEsozLo4G4AlSrsMKTFg9TA3l+3he5BqpUi9wiuDbaHWXH/amlzQ49uEdXtg==",
      "dev": true,
      "license": "ISC"
    }
  }
}
